// !$*UTF8*$!
{
	archiveVersion = 1;
	classes = {
	};
	objectVersion = 56;
	objects = {

/* Begin PBXBuildFile section */
		6C03C6BA29EBB69600C6F71C /* AuthResponse.swift in Sources */ = {isa = PBXBuildFile; fileRef = 6C03C6B929EBB69600C6F71C /* AuthResponse.swift */; };
		6C4C098D29E54CAB0027B4E9 /* Extensions.swift in Sources */ = {isa = PBXBuildFile; fileRef = 6C4C098C29E54CAB0027B4E9 /* Extensions.swift */; };
		6CD8E12B29E55FC900A0A0E8 /* Main.storyboard in Resources */ = {isa = PBXBuildFile; fileRef = 6CD8E12A29E55FC900A0A0E8 /* Main.storyboard */; };
		6CE5F79129E5030500F87952 /* AppDelegate.swift in Sources */ = {isa = PBXBuildFile; fileRef = 6CE5F79029E5030500F87952 /* AppDelegate.swift */; };
		6CE5F79329E5030500F87952 /* SceneDelegate.swift in Sources */ = {isa = PBXBuildFile; fileRef = 6CE5F79229E5030500F87952 /* SceneDelegate.swift */; };
		6CE5F79529E5030500F87952 /* HomeViewController.swift in Sources */ = {isa = PBXBuildFile; fileRef = 6CE5F79429E5030500F87952 /* HomeViewController.swift */; };
		6CE5F79A29E5030700F87952 /* Assets.xcassets in Resources */ = {isa = PBXBuildFile; fileRef = 6CE5F79929E5030700F87952 /* Assets.xcassets */; };
		6CE5F79D29E5030700F87952 /* LaunchScreen.storyboard in Resources */ = {isa = PBXBuildFile; fileRef = 6CE5F79B29E5030700F87952 /* LaunchScreen.storyboard */; };
		6CE5F7CB29E5079800F87952 /* TabBarViewController.swift in Sources */ = {isa = PBXBuildFile; fileRef = 6CE5F7CA29E5079800F87952 /* TabBarViewController.swift */; };
		6CE5F7CD29E507CE00F87952 /* SearchViewController.swift in Sources */ = {isa = PBXBuildFile; fileRef = 6CE5F7CC29E507CE00F87952 /* SearchViewController.swift */; };
		6CE5F7CF29E507EC00F87952 /* LibraryViewController.swift in Sources */ = {isa = PBXBuildFile; fileRef = 6CE5F7CE29E507EC00F87952 /* LibraryViewController.swift */; };
		6CE5F7D329E5083900F87952 /* AuthViewController.swift in Sources */ = {isa = PBXBuildFile; fileRef = 6CE5F7D229E5083900F87952 /* AuthViewController.swift */; };
		6CE5F7D529E5084700F87952 /* WelcomeViewController.swift in Sources */ = {isa = PBXBuildFile; fileRef = 6CE5F7D429E5084700F87952 /* WelcomeViewController.swift */; };
		6CE5F7D729E5085E00F87952 /* SettingsViewController.swift in Sources */ = {isa = PBXBuildFile; fileRef = 6CE5F7D629E5085E00F87952 /* SettingsViewController.swift */; };
		6CE5F7D929E5087400F87952 /* ProfileViewController.swift in Sources */ = {isa = PBXBuildFile; fileRef = 6CE5F7D829E5087400F87952 /* ProfileViewController.swift */; };
		6CE5F7DB29E5088900F87952 /* PlayerViewController.swift in Sources */ = {isa = PBXBuildFile; fileRef = 6CE5F7DA29E5088900F87952 /* PlayerViewController.swift */; };
		6CE5F7DD29E508A000F87952 /* PlaylistViewController.swift in Sources */ = {isa = PBXBuildFile; fileRef = 6CE5F7DC29E508A000F87952 /* PlaylistViewController.swift */; };
		6CE5F7DF29E508C400F87952 /* SearchResultsViewController.swift in Sources */ = {isa = PBXBuildFile; fileRef = 6CE5F7DE29E508C400F87952 /* SearchResultsViewController.swift */; };
		6CE5F7E129E508E600F87952 /* AuthManager.swift in Sources */ = {isa = PBXBuildFile; fileRef = 6CE5F7E029E508E600F87952 /* AuthManager.swift */; };
		6CE5F7E329E508FB00F87952 /* APICaller.swift in Sources */ = {isa = PBXBuildFile; fileRef = 6CE5F7E229E508FB00F87952 /* APICaller.swift */; };
		6CE5F7E529E520BC00F87952 /* HapticsManager.swift in Sources */ = {isa = PBXBuildFile; fileRef = 6CE5F7E429E520BC00F87952 /* HapticsManager.swift */; };
		6CE5F7E729E522B100F87952 /* Playlist.swift in Sources */ = {isa = PBXBuildFile; fileRef = 6CE5F7E629E522B100F87952 /* Playlist.swift */; };
		6CE5F7E929E522EA00F87952 /* AudioTrack.swift in Sources */ = {isa = PBXBuildFile; fileRef = 6CE5F7E829E522EA00F87952 /* AudioTrack.swift */; };
		6CE5F7EB29E5231400F87952 /* Artist.swift in Sources */ = {isa = PBXBuildFile; fileRef = 6CE5F7EA29E5231400F87952 /* Artist.swift */; };
		6CE5F7ED29E5232A00F87952 /* UserProfile.swift in Sources */ = {isa = PBXBuildFile; fileRef = 6CE5F7EC29E5232A00F87952 /* UserProfile.swift */; };
		78AF7F5029ECC54700AB0AB1 /* Review.swift in Sources */ = {isa = PBXBuildFile; fileRef = 78AF7F4F29ECC54700AB0AB1 /* Review.swift */; };
		78B6DA0F29EF89990030750E /* ArtistCell.swift in Sources */ = {isa = PBXBuildFile; fileRef = 78B6DA0E29EF89990030750E /* ArtistCell.swift */; };
		78B6DA1229EF8CB30030750E /* Nuke in Frameworks */ = {isa = PBXBuildFile; productRef = 78B6DA1129EF8CB30030750E /* Nuke */; };
/* End PBXBuildFile section */

/* Begin PBXFileReference section */
		6C03C6B929EBB69600C6F71C /* AuthResponse.swift */ = {isa = PBXFileReference; lastKnownFileType = sourcecode.swift; path = AuthResponse.swift; sourceTree = "<group>"; };
		6C4C098C29E54CAB0027B4E9 /* Extensions.swift */ = {isa = PBXFileReference; lastKnownFileType = sourcecode.swift; path = Extensions.swift; sourceTree = "<group>"; };
		6CD8E12A29E55FC900A0A0E8 /* Main.storyboard */ = {isa = PBXFileReference; lastKnownFileType = file.storyboard; path = Main.storyboard; sourceTree = "<group>"; };
		6CE5F78D29E5030500F87952 /* MusicSoul.app */ = {isa = PBXFileReference; explicitFileType = wrapper.application; includeInIndex = 0; path = MusicSoul.app; sourceTree = BUILT_PRODUCTS_DIR; };
		6CE5F79029E5030500F87952 /* AppDelegate.swift */ = {isa = PBXFileReference; lastKnownFileType = sourcecode.swift; path = AppDelegate.swift; sourceTree = "<group>"; };
		6CE5F79229E5030500F87952 /* SceneDelegate.swift */ = {isa = PBXFileReference; lastKnownFileType = sourcecode.swift; path = SceneDelegate.swift; sourceTree = "<group>"; };
		6CE5F79429E5030500F87952 /* HomeViewController.swift */ = {isa = PBXFileReference; lastKnownFileType = sourcecode.swift; path = HomeViewController.swift; sourceTree = "<group>"; };
		6CE5F79929E5030700F87952 /* Assets.xcassets */ = {isa = PBXFileReference; lastKnownFileType = folder.assetcatalog; path = Assets.xcassets; sourceTree = "<group>"; };
		6CE5F79C29E5030700F87952 /* Base */ = {isa = PBXFileReference; lastKnownFileType = file.storyboard; name = Base; path = Base.lproj/LaunchScreen.storyboard; sourceTree = "<group>"; };
		6CE5F79E29E5030700F87952 /* Info.plist */ = {isa = PBXFileReference; lastKnownFileType = text.plist.xml; path = Info.plist; sourceTree = "<group>"; };
		6CE5F7CA29E5079800F87952 /* TabBarViewController.swift */ = {isa = PBXFileReference; lastKnownFileType = sourcecode.swift; path = TabBarViewController.swift; sourceTree = "<group>"; };
		6CE5F7CC29E507CE00F87952 /* SearchViewController.swift */ = {isa = PBXFileReference; lastKnownFileType = sourcecode.swift; path = SearchViewController.swift; sourceTree = "<group>"; };
		6CE5F7CE29E507EC00F87952 /* LibraryViewController.swift */ = {isa = PBXFileReference; lastKnownFileType = sourcecode.swift; path = LibraryViewController.swift; sourceTree = "<group>"; };
		6CE5F7D229E5083900F87952 /* AuthViewController.swift */ = {isa = PBXFileReference; lastKnownFileType = sourcecode.swift; path = AuthViewController.swift; sourceTree = "<group>"; };
		6CE5F7D429E5084700F87952 /* WelcomeViewController.swift */ = {isa = PBXFileReference; lastKnownFileType = sourcecode.swift; path = WelcomeViewController.swift; sourceTree = "<group>"; };
		6CE5F7D629E5085E00F87952 /* SettingsViewController.swift */ = {isa = PBXFileReference; lastKnownFileType = sourcecode.swift; path = SettingsViewController.swift; sourceTree = "<group>"; };
		6CE5F7D829E5087400F87952 /* ProfileViewController.swift */ = {isa = PBXFileReference; lastKnownFileType = sourcecode.swift; path = ProfileViewController.swift; sourceTree = "<group>"; };
		6CE5F7DA29E5088900F87952 /* PlayerViewController.swift */ = {isa = PBXFileReference; lastKnownFileType = sourcecode.swift; path = PlayerViewController.swift; sourceTree = "<group>"; };
		6CE5F7DC29E508A000F87952 /* PlaylistViewController.swift */ = {isa = PBXFileReference; lastKnownFileType = sourcecode.swift; path = PlaylistViewController.swift; sourceTree = "<group>"; };
		6CE5F7DE29E508C400F87952 /* SearchResultsViewController.swift */ = {isa = PBXFileReference; lastKnownFileType = sourcecode.swift; path = SearchResultsViewController.swift; sourceTree = "<group>"; };
		6CE5F7E029E508E600F87952 /* AuthManager.swift */ = {isa = PBXFileReference; lastKnownFileType = sourcecode.swift; path = AuthManager.swift; sourceTree = "<group>"; };
		6CE5F7E229E508FB00F87952 /* APICaller.swift */ = {isa = PBXFileReference; lastKnownFileType = sourcecode.swift; path = APICaller.swift; sourceTree = "<group>"; };
		6CE5F7E429E520BC00F87952 /* HapticsManager.swift */ = {isa = PBXFileReference; lastKnownFileType = sourcecode.swift; path = HapticsManager.swift; sourceTree = "<group>"; };
		6CE5F7E629E522B100F87952 /* Playlist.swift */ = {isa = PBXFileReference; lastKnownFileType = sourcecode.swift; path = Playlist.swift; sourceTree = "<group>"; };
		6CE5F7E829E522EA00F87952 /* AudioTrack.swift */ = {isa = PBXFileReference; lastKnownFileType = sourcecode.swift; path = AudioTrack.swift; sourceTree = "<group>"; };
		6CE5F7EA29E5231400F87952 /* Artist.swift */ = {isa = PBXFileReference; lastKnownFileType = sourcecode.swift; path = Artist.swift; sourceTree = "<group>"; };
		6CE5F7EC29E5232A00F87952 /* UserProfile.swift */ = {isa = PBXFileReference; lastKnownFileType = sourcecode.swift; path = UserProfile.swift; sourceTree = "<group>"; };
		78AF7F4F29ECC54700AB0AB1 /* Review.swift */ = {isa = PBXFileReference; lastKnownFileType = sourcecode.swift; path = Review.swift; sourceTree = "<group>"; };
		78B6DA0E29EF89990030750E /* ArtistCell.swift */ = {isa = PBXFileReference; lastKnownFileType = sourcecode.swift; path = ArtistCell.swift; sourceTree = "<group>"; };
/* End PBXFileReference section */

/* Begin PBXFrameworksBuildPhase section */
		6CE5F78A29E5030500F87952 /* Frameworks */ = {
			isa = PBXFrameworksBuildPhase;
			buildActionMask = 2147483647;
			files = (
				78B6DA1229EF8CB30030750E /* Nuke in Frameworks */,
			);
			runOnlyForDeploymentPostprocessing = 0;
		};
/* End PBXFrameworksBuildPhase section */

/* Begin PBXGroup section */
		6CE5F78429E5030500F87952 = {
			isa = PBXGroup;
			children = (
				6CE5F78F29E5030500F87952 /* Spotify */,
				6CE5F78E29E5030500F87952 /* Products */,
			);
			sourceTree = "<group>";
		};
		6CE5F78E29E5030500F87952 /* Products */ = {
			isa = PBXGroup;
			children = (
				6CE5F78D29E5030500F87952 /* MusicSoul.app */,
			);
			name = Products;
			sourceTree = "<group>";
		};
		6CE5F78F29E5030500F87952 /* Spotify */ = {
			isa = PBXGroup;
			children = (
				6CE5F7A929E5038500F87952 /* Resources */,
				6CE5F7A829E5036F00F87952 /* Managers */,
				6CE5F7A729E5036200F87952 /* ViewModels */,
				6CE5F7A629E5035C00F87952 /* Models */,
				6CE5F7A529E5035300F87952 /* Controllers */,
				6CE5F7A429E5034C00F87952 /* View */,
				6CE5F79E29E5030700F87952 /* Info.plist */,
				6CD8E12A29E55FC900A0A0E8 /* Main.storyboard */,
			);
			path = Spotify;
			sourceTree = "<group>";
		};
		6CE5F7A429E5034C00F87952 /* View */ = {
			isa = PBXGroup;
			children = (
				6CE5F79B29E5030700F87952 /* LaunchScreen.storyboard */,
			);
			path = View;
			sourceTree = "<group>";
		};
		6CE5F7A529E5035300F87952 /* Controllers */ = {
			isa = PBXGroup;
			children = (
				6CE5F7D129E5081300F87952 /* Other */,
				6CE5F7D029E5080100F87952 /* Core */,
			);
			path = Controllers;
			sourceTree = "<group>";
		};
		6CE5F7A629E5035C00F87952 /* Models */ = {
			isa = PBXGroup;
			children = (
				6CE5F7E629E522B100F87952 /* Playlist.swift */,
				6CE5F7E829E522EA00F87952 /* AudioTrack.swift */,
				6CE5F7EA29E5231400F87952 /* Artist.swift */,
				6CE5F7EC29E5232A00F87952 /* UserProfile.swift */,
				6C03C6B929EBB69600C6F71C /* AuthResponse.swift */,
				78AF7F4F29ECC54700AB0AB1 /* Review.swift */,
			);
			path = Models;
			sourceTree = "<group>";
		};
		6CE5F7A729E5036200F87952 /* ViewModels */ = {
			isa = PBXGroup;
			children = (
			);
			path = ViewModels;
			sourceTree = "<group>";
		};
		6CE5F7A829E5036F00F87952 /* Managers */ = {
			isa = PBXGroup;
			children = (
				6CE5F7E029E508E600F87952 /* AuthManager.swift */,
				6CE5F7E229E508FB00F87952 /* APICaller.swift */,
				6CE5F7E429E520BC00F87952 /* HapticsManager.swift */,
			);
			path = Managers;
			sourceTree = "<group>";
		};
		6CE5F7A929E5038500F87952 /* Resources */ = {
			isa = PBXGroup;
			children = (
				6CE5F79029E5030500F87952 /* AppDelegate.swift */,
				6CE5F79229E5030500F87952 /* SceneDelegate.swift */,
				6CE5F79929E5030700F87952 /* Assets.xcassets */,
				6C4C098C29E54CAB0027B4E9 /* Extensions.swift */,
			);
			path = Resources;
			sourceTree = "<group>";
		};
		6CE5F7D029E5080100F87952 /* Core */ = {
			isa = PBXGroup;
			children = (
				6CE5F7CA29E5079800F87952 /* TabBarViewController.swift */,
				6CE5F79429E5030500F87952 /* HomeViewController.swift */,
				6CE5F7CC29E507CE00F87952 /* SearchViewController.swift */,
				6CE5F7CE29E507EC00F87952 /* LibraryViewController.swift */,
				78B6DA0E29EF89990030750E /* ArtistCell.swift */,
			);
			path = Core;
			sourceTree = "<group>";
		};
		6CE5F7D129E5081300F87952 /* Other */ = {
			isa = PBXGroup;
			children = (
				6CE5F7D229E5083900F87952 /* AuthViewController.swift */,
				6CE5F7D429E5084700F87952 /* WelcomeViewController.swift */,
				6CE5F7D629E5085E00F87952 /* SettingsViewController.swift */,
				6CE5F7D829E5087400F87952 /* ProfileViewController.swift */,
				6CE5F7DA29E5088900F87952 /* PlayerViewController.swift */,
				6CE5F7DC29E508A000F87952 /* PlaylistViewController.swift */,
				6CE5F7DE29E508C400F87952 /* SearchResultsViewController.swift */,
			);
			path = Other;
			sourceTree = "<group>";
		};
/* End PBXGroup section */

/* Begin PBXNativeTarget section */
		6CE5F78C29E5030500F87952 /* Spotify */ = {
			isa = PBXNativeTarget;
			buildConfigurationList = 6CE5F7A129E5030700F87952 /* Build configuration list for PBXNativeTarget "Spotify" */;
			buildPhases = (
				6CE5F78929E5030500F87952 /* Sources */,
				6CE5F78A29E5030500F87952 /* Frameworks */,
				6CE5F78B29E5030500F87952 /* Resources */,
			);
			buildRules = (
			);
			dependencies = (
			);
			name = Spotify;
			packageProductDependencies = (
				78B6DA1129EF8CB30030750E /* Nuke */,
			);
			productName = Spotify;
			productReference = 6CE5F78D29E5030500F87952 /* MusicSoul.app */;
			productType = "com.apple.product-type.application";
		};
/* End PBXNativeTarget section */

/* Begin PBXProject section */
		6CE5F78529E5030500F87952 /* Project object */ = {
			isa = PBXProject;
			attributes = {
				BuildIndependentTargetsInParallel = 1;
				LastSwiftUpdateCheck = 1420;
				LastUpgradeCheck = 1420;
				TargetAttributes = {
					6CE5F78C29E5030500F87952 = {
						CreatedOnToolsVersion = 14.2;
					};
				};
			};
			buildConfigurationList = 6CE5F78829E5030500F87952 /* Build configuration list for PBXProject "MusicSoul" */;
			compatibilityVersion = "Xcode 14.0";
			developmentRegion = en;
			hasScannedForEncodings = 0;
			knownRegions = (
				en,
				Base,
			);
			mainGroup = 6CE5F78429E5030500F87952;
			packageReferences = (
				78B6DA1029EF8CB30030750E /* XCRemoteSwiftPackageReference "Nuke" */,
			);
			productRefGroup = 6CE5F78E29E5030500F87952 /* Products */;
			projectDirPath = "";
			projectRoot = "";
			targets = (
				6CE5F78C29E5030500F87952 /* Spotify */,
			);
		};
/* End PBXProject section */

/* Begin PBXResourcesBuildPhase section */
		6CE5F78B29E5030500F87952 /* Resources */ = {
			isa = PBXResourcesBuildPhase;
			buildActionMask = 2147483647;
			files = (
				6CD8E12B29E55FC900A0A0E8 /* Main.storyboard in Resources */,
				6CE5F79D29E5030700F87952 /* LaunchScreen.storyboard in Resources */,
				6CE5F79A29E5030700F87952 /* Assets.xcassets in Resources */,
			);
			runOnlyForDeploymentPostprocessing = 0;
		};
/* End PBXResourcesBuildPhase section */

/* Begin PBXSourcesBuildPhase section */
		6CE5F78929E5030500F87952 /* Sources */ = {
			isa = PBXSourcesBuildPhase;
			buildActionMask = 2147483647;
			files = (
				6CE5F7CD29E507CE00F87952 /* SearchViewController.swift in Sources */,
				6CE5F7E729E522B100F87952 /* Playlist.swift in Sources */,
				78B6DA0F29EF89990030750E /* ArtistCell.swift in Sources */,
				6CE5F7E129E508E600F87952 /* AuthManager.swift in Sources */,
				6CE5F7DF29E508C400F87952 /* SearchResultsViewController.swift in Sources */,
				6CE5F7D529E5084700F87952 /* WelcomeViewController.swift in Sources */,
				6CE5F7D929E5087400F87952 /* ProfileViewController.swift in Sources */,
				6CE5F7CB29E5079800F87952 /* TabBarViewController.swift in Sources */,
				78AF7F5029ECC54700AB0AB1 /* Review.swift in Sources */,
				6CE5F7E529E520BC00F87952 /* HapticsManager.swift in Sources */,
				6C03C6BA29EBB69600C6F71C /* AuthResponse.swift in Sources */,
				6CE5F7E929E522EA00F87952 /* AudioTrack.swift in Sources */,
				6CE5F79529E5030500F87952 /* HomeViewController.swift in Sources */,
				6CE5F7D329E5083900F87952 /* AuthViewController.swift in Sources */,
				6CE5F79129E5030500F87952 /* AppDelegate.swift in Sources */,
				6CE5F7ED29E5232A00F87952 /* UserProfile.swift in Sources */,
				6C4C098D29E54CAB0027B4E9 /* Extensions.swift in Sources */,
				6CE5F7CF29E507EC00F87952 /* LibraryViewController.swift in Sources */,
				6CE5F7EB29E5231400F87952 /* Artist.swift in Sources */,
				6CE5F7DD29E508A000F87952 /* PlaylistViewController.swift in Sources */,
				6CE5F79329E5030500F87952 /* SceneDelegate.swift in Sources */,
				6CE5F7DB29E5088900F87952 /* PlayerViewController.swift in Sources */,
				6CE5F7E329E508FB00F87952 /* APICaller.swift in Sources */,
				6CE5F7D729E5085E00F87952 /* SettingsViewController.swift in Sources */,
			);
			runOnlyForDeploymentPostprocessing = 0;
		};
/* End PBXSourcesBuildPhase section */

/* Begin PBXVariantGroup section */
		6CE5F79B29E5030700F87952 /* LaunchScreen.storyboard */ = {
			isa = PBXVariantGroup;
			children = (
				6CE5F79C29E5030700F87952 /* Base */,
			);
			name = LaunchScreen.storyboard;
			sourceTree = "<group>";
		};
/* End PBXVariantGroup section */

/* Begin XCBuildConfiguration section */
		6CE5F79F29E5030700F87952 /* Debug */ = {
			isa = XCBuildConfiguration;
			buildSettings = {
				ALWAYS_SEARCH_USER_PATHS = NO;
				CLANG_ANALYZER_NONNULL = YES;
				CLANG_ANALYZER_NUMBER_OBJECT_CONVERSION = YES_AGGRESSIVE;
				CLANG_CXX_LANGUAGE_STANDARD = "gnu++20";
				CLANG_ENABLE_MODULES = YES;
				CLANG_ENABLE_OBJC_ARC = YES;
				CLANG_ENABLE_OBJC_WEAK = YES;
				CLANG_WARN_BLOCK_CAPTURE_AUTORELEASING = YES;
				CLANG_WARN_BOOL_CONVERSION = YES;
				CLANG_WARN_COMMA = YES;
				CLANG_WARN_CONSTANT_CONVERSION = YES;
				CLANG_WARN_DEPRECATED_OBJC_IMPLEMENTATIONS = YES;
				CLANG_WARN_DIRECT_OBJC_ISA_USAGE = YES_ERROR;
				CLANG_WARN_DOCUMENTATION_COMMENTS = YES;
				CLANG_WARN_EMPTY_BODY = YES;
				CLANG_WARN_ENUM_CONVERSION = YES;
				CLANG_WARN_INFINITE_RECURSION = YES;
				CLANG_WARN_INT_CONVERSION = YES;
				CLANG_WARN_NON_LITERAL_NULL_CONVERSION = YES;
				CLANG_WARN_OBJC_IMPLICIT_RETAIN_SELF = YES;
				CLANG_WARN_OBJC_LITERAL_CONVERSION = YES;
				CLANG_WARN_OBJC_ROOT_CLASS = YES_ERROR;
				CLANG_WARN_QUOTED_INCLUDE_IN_FRAMEWORK_HEADER = YES;
				CLANG_WARN_RANGE_LOOP_ANALYSIS = YES;
				CLANG_WARN_STRICT_PROTOTYPES = YES;
				CLANG_WARN_SUSPICIOUS_MOVE = YES;
				CLANG_WARN_UNGUARDED_AVAILABILITY = YES_AGGRESSIVE;
				CLANG_WARN_UNREACHABLE_CODE = YES;
				CLANG_WARN__DUPLICATE_METHOD_MATCH = YES;
				COPY_PHASE_STRIP = NO;
				DEBUG_INFORMATION_FORMAT = dwarf;
				ENABLE_STRICT_OBJC_MSGSEND = YES;
				ENABLE_TESTABILITY = YES;
				GCC_C_LANGUAGE_STANDARD = gnu11;
				GCC_DYNAMIC_NO_PIC = NO;
				GCC_NO_COMMON_BLOCKS = YES;
				GCC_OPTIMIZATION_LEVEL = 0;
				GCC_PREPROCESSOR_DEFINITIONS = (
					"DEBUG=1",
					"$(inherited)",
				);
				GCC_WARN_64_TO_32_BIT_CONVERSION = YES;
				GCC_WARN_ABOUT_RETURN_TYPE = YES_ERROR;
				GCC_WARN_UNDECLARED_SELECTOR = YES;
				GCC_WARN_UNINITIALIZED_AUTOS = YES_AGGRESSIVE;
				GCC_WARN_UNUSED_FUNCTION = YES;
				GCC_WARN_UNUSED_VARIABLE = YES;
				IPHONEOS_DEPLOYMENT_TARGET = 16.2;
				MTL_ENABLE_DEBUG_INFO = INCLUDE_SOURCE;
				MTL_FAST_MATH = YES;
				ONLY_ACTIVE_ARCH = YES;
				SDKROOT = iphoneos;
				SWIFT_ACTIVE_COMPILATION_CONDITIONS = DEBUG;
				SWIFT_OPTIMIZATION_LEVEL = "-Onone";
			};
			name = Debug;
		};
		6CE5F7A029E5030700F87952 /* Release */ = {
			isa = XCBuildConfiguration;
			buildSettings = {
				ALWAYS_SEARCH_USER_PATHS = NO;
				CLANG_ANALYZER_NONNULL = YES;
				CLANG_ANALYZER_NUMBER_OBJECT_CONVERSION = YES_AGGRESSIVE;
				CLANG_CXX_LANGUAGE_STANDARD = "gnu++20";
				CLANG_ENABLE_MODULES = YES;
				CLANG_ENABLE_OBJC_ARC = YES;
				CLANG_ENABLE_OBJC_WEAK = YES;
				CLANG_WARN_BLOCK_CAPTURE_AUTORELEASING = YES;
				CLANG_WARN_BOOL_CONVERSION = YES;
				CLANG_WARN_COMMA = YES;
				CLANG_WARN_CONSTANT_CONVERSION = YES;
				CLANG_WARN_DEPRECATED_OBJC_IMPLEMENTATIONS = YES;
				CLANG_WARN_DIRECT_OBJC_ISA_USAGE = YES_ERROR;
				CLANG_WARN_DOCUMENTATION_COMMENTS = YES;
				CLANG_WARN_EMPTY_BODY = YES;
				CLANG_WARN_ENUM_CONVERSION = YES;
				CLANG_WARN_INFINITE_RECURSION = YES;
				CLANG_WARN_INT_CONVERSION = YES;
				CLANG_WARN_NON_LITERAL_NULL_CONVERSION = YES;
				CLANG_WARN_OBJC_IMPLICIT_RETAIN_SELF = YES;
				CLANG_WARN_OBJC_LITERAL_CONVERSION = YES;
				CLANG_WARN_OBJC_ROOT_CLASS = YES_ERROR;
				CLANG_WARN_QUOTED_INCLUDE_IN_FRAMEWORK_HEADER = YES;
				CLANG_WARN_RANGE_LOOP_ANALYSIS = YES;
				CLANG_WARN_STRICT_PROTOTYPES = YES;
				CLANG_WARN_SUSPICIOUS_MOVE = YES;
				CLANG_WARN_UNGUARDED_AVAILABILITY = YES_AGGRESSIVE;
				CLANG_WARN_UNREACHABLE_CODE = YES;
				CLANG_WARN__DUPLICATE_METHOD_MATCH = YES;
				COPY_PHASE_STRIP = NO;
				DEBUG_INFORMATION_FORMAT = "dwarf-with-dsym";
				ENABLE_NS_ASSERTIONS = NO;
				ENABLE_STRICT_OBJC_MSGSEND = YES;
				GCC_C_LANGUAGE_STANDARD = gnu11;
				GCC_NO_COMMON_BLOCKS = YES;
				GCC_WARN_64_TO_32_BIT_CONVERSION = YES;
				GCC_WARN_ABOUT_RETURN_TYPE = YES_ERROR;
				GCC_WARN_UNDECLARED_SELECTOR = YES;
				GCC_WARN_UNINITIALIZED_AUTOS = YES_AGGRESSIVE;
				GCC_WARN_UNUSED_FUNCTION = YES;
				GCC_WARN_UNUSED_VARIABLE = YES;
				IPHONEOS_DEPLOYMENT_TARGET = 16.2;
				MTL_ENABLE_DEBUG_INFO = NO;
				MTL_FAST_MATH = YES;
				SDKROOT = iphoneos;
				SWIFT_COMPILATION_MODE = wholemodule;
				SWIFT_OPTIMIZATION_LEVEL = "-O";
				VALIDATE_PRODUCT = YES;
			};
			name = Release;
		};
		6CE5F7A229E5030700F87952 /* Debug */ = {
			isa = XCBuildConfiguration;
			buildSettings = {
				ASSETCATALOG_COMPILER_APPICON_NAME = AppIcon;
				ASSETCATALOG_COMPILER_GLOBAL_ACCENT_COLOR_NAME = AccentColor;
				CODE_SIGN_STYLE = Automatic;
				CURRENT_PROJECT_VERSION = 1;
				DEVELOPMENT_TEAM = DK4YRN2J4R;
				GENERATE_INFOPLIST_FILE = YES;
				INFOPLIST_FILE = Spotify/Info.plist;
				INFOPLIST_KEY_UIApplicationSupportsIndirectInputEvents = YES;
				INFOPLIST_KEY_UILaunchStoryboardName = LaunchScreen;
				INFOPLIST_KEY_UIMainStoryboardFile = Main;
				INFOPLIST_KEY_UISupportedInterfaceOrientations_iPad = "UIInterfaceOrientationPortrait UIInterfaceOrientationPortraitUpsideDown UIInterfaceOrientationLandscapeLeft UIInterfaceOrientationLandscapeRight";
				INFOPLIST_KEY_UISupportedInterfaceOrientations_iPhone = "UIInterfaceOrientationPortrait UIInterfaceOrientationLandscapeLeft UIInterfaceOrientationLandscapeRight";
				LD_RUNPATH_SEARCH_PATHS = (
					"$(inherited)",
					"@executable_path/Frameworks",
				);
				MARKETING_VERSION = 1.0;
				PRODUCT_BUNDLE_IDENTIFIER = laura.com.Spotify;
				PRODUCT_NAME = MusicSoul;
				SWIFT_EMIT_LOC_STRINGS = YES;
				SWIFT_VERSION = 5.0;
				TARGETED_DEVICE_FAMILY = "1,2";
			};
			name = Debug;
		};
		6CE5F7A329E5030700F87952 /* Release */ = {
			isa = XCBuildConfiguration;
			buildSettings = {
				ASSETCATALOG_COMPILER_APPICON_NAME = AppIcon;
				ASSETCATALOG_COMPILER_GLOBAL_ACCENT_COLOR_NAME = AccentColor;
				CODE_SIGN_STYLE = Automatic;
				CURRENT_PROJECT_VERSION = 1;
				DEVELOPMENT_TEAM = DK4YRN2J4R;
				GENERATE_INFOPLIST_FILE = YES;
				INFOPLIST_FILE = Spotify/Info.plist;
				INFOPLIST_KEY_UIApplicationSupportsIndirectInputEvents = YES;
				INFOPLIST_KEY_UILaunchStoryboardName = LaunchScreen;
				INFOPLIST_KEY_UIMainStoryboardFile = Main;
				INFOPLIST_KEY_UISupportedInterfaceOrientations_iPad = "UIInterfaceOrientationPortrait UIInterfaceOrientationPortraitUpsideDown UIInterfaceOrientationLandscapeLeft UIInterfaceOrientationLandscapeRight";
				INFOPLIST_KEY_UISupportedInterfaceOrientations_iPhone = "UIInterfaceOrientationPortrait UIInterfaceOrientationLandscapeLeft UIInterfaceOrientationLandscapeRight";
				LD_RUNPATH_SEARCH_PATHS = (
					"$(inherited)",
					"@executable_path/Frameworks",
				);
				MARKETING_VERSION = 1.0;
				PRODUCT_BUNDLE_IDENTIFIER = laura.com.Spotify;
				PRODUCT_NAME = MusicSoul;
				SWIFT_EMIT_LOC_STRINGS = YES;
				SWIFT_VERSION = 5.0;
				TARGETED_DEVICE_FAMILY = "1,2";
			};
			name = Release;
		};
/* End XCBuildConfiguration section */

/* Begin XCConfigurationList section */
		6CE5F78829E5030500F87952 /* Build configuration list for PBXProject "MusicSoul" */ = {
			isa = XCConfigurationList;
			buildConfigurations = (
				6CE5F79F29E5030700F87952 /* Debug */,
				6CE5F7A029E5030700F87952 /* Release */,
			);
			defaultConfigurationIsVisible = 0;
			defaultConfigurationName = Release;
		};
		6CE5F7A129E5030700F87952 /* Build configuration list for PBXNativeTarget "Spotify" */ = {
			isa = XCConfigurationList;
			buildConfigurations = (
				6CE5F7A229E5030700F87952 /* Debug */,
				6CE5F7A329E5030700F87952 /* Release */,
			);
			defaultConfigurationIsVisible = 0;
			defaultConfigurationName = Release;
		};
/* End XCConfigurationList section */

/* Begin XCRemoteSwiftPackageReference section */
		78B6DA1029EF8CB30030750E /* XCRemoteSwiftPackageReference "Nuke" */ = {
			isa = XCRemoteSwiftPackageReference;
			repositoryURL = "https://github.com/kean/Nuke.git";
			requirement = {
				kind = upToNextMajorVersion;
				minimumVersion = 9.0.0;
			};
		};
/* End XCRemoteSwiftPackageReference section */

/* Begin XCSwiftPackageProductDependency section */
		78B6DA1129EF8CB30030750E /* Nuke */ = {
			isa = XCSwiftPackageProductDependency;
			package = 78B6DA1029EF8CB30030750E /* XCRemoteSwiftPackageReference "Nuke" */;
			productName = Nuke;
		};
/* End XCSwiftPackageProductDependency section */
	};
	rootObject = 6CE5F78529E5030500F87952 /* Project object */;
}
